
Microsoft Visual Studio Solution File, Format Version 12.00
# Visual Studio Version 17
VisualStudioVersion = 17.14.37027.9
MinimumVisualStudioVersion = 10.0.40219.1
Project("{2150E333-8FDC-42A3-9474-1A3956D46DE8}") = "Core", "Core", "{02EA681E-C7D8-13C7-8484-4AC65E1B71E8}"
EndProject
Project("{2150E333-8FDC-42A3-9474-1A3956D46DE8}") = "Infrastructure", "Infrastructure", "{310BC561-17B7-46D4-A2A6-0B9356CC6860}"
EndProject
Project("{2150E333-8FDC-42A3-9474-1A3956D46DE8}") = "Presentation", "Presentation", "{7463C2D4-3ECB-49D5-907A-4D0B711D90E2}"
EndProject
Project("{FAE04EC0-301F-11D3-BF4B-00C04F79EFBC}") = "TaskManagement.Domin", "TaskManagement.Domin\TaskManagement.Domin.csproj", "{3EE6ECE1-06E8-47B9-BC84-0FDAE09561F1}"
EndProject
Project("{FAE04EC0-301F-11D3-BF4B-00C04F79EFBC}") = "TaskManagement.Application", "TaskManagement.Application\TaskManagement.Application.csproj", "{152BEB81-3197-4041-B482-691FDB4E7FB3}"
EndProject
Project("{FAE04EC0-301F-11D3-BF4B-00C04F79EFBC}") = "TaskManagement.Persistence", "TaskManagement.Persistence\TaskManagement.Persistence.csproj", "{B24E6B06-7947-46B6-8C14-3684775FD487}"
EndProject
Project("{FAE04EC0-301F-11D3-BF4B-00C04F79EFBC}") = "TaskManagement.WebApi", "TaskManagement.WebApi\TaskManagement.WebApi.csproj", "{A1093619-064A-4E7D-98F9-929E7B1B2FDC}"
EndProject
Project("{2150E333-8FDC-42A3-9474-1A3956D46DE8}") = "Postman", "Postman", "{ED8DC32B-0DDD-4D91-99C3-1356CD9A3E0F}"
	ProjectSection(SolutionItems) = preProject
		..\..\..\Downloads\TaskManagement.postman_collection.json = ..\..\..\Downloads\TaskManagement.postman_collection.json
	EndProjectSection
EndProject
Global
	GlobalSection(SolutionConfigurationPlatforms) = preSolution
		Debug|Any CPU = Debug|Any CPU
		Release|Any CPU = Release|Any CPU
	EndGlobalSection
	GlobalSection(ProjectConfigurationPlatforms) = postSolution
		{3EE6ECE1-06E8-47B9-BC84-0FDAE09561F1}.Debug|Any CPU.ActiveCfg = Debug|Any CPU
		{3EE6ECE1-06E8-47B9-BC84-0FDAE09561F1}.Debug|Any CPU.Build.0 = Debug|Any CPU
		{3EE6ECE1-06E8-47B9-BC84-0FDAE09561F1}.Release|Any CPU.ActiveCfg = Release|Any CPU
		{3EE6ECE1-06E8-47B9-BC84-0FDAE09561F1}.Release|Any CPU.Build.0 = Release|Any CPU
		{152BEB81-3197-4041-B482-691FDB4E7FB3}.Debug|Any CPU.ActiveCfg = Debug|Any CPU
		{152BEB81-3197-4041-B482-691FDB4E7FB3}.Debug|Any CPU.Build.0 = Debug|Any CPU
		{152BEB81-3197-4041-B482-691FDB4E7FB3}.Release|Any CPU.ActiveCfg = Release|Any CPU
		{152BEB81-3197-4041-B482-691FDB4E7FB3}.Release|Any CPU.Build.0 = Release|Any CPU
		{B24E6B06-7947-46B6-8C14-3684775FD487}.Debug|Any CPU.ActiveCfg = Debug|Any CPU
		{B24E6B06-7947-46B6-8C14-3684775FD487}.Debug|Any CPU.Build.0 = Debug|Any CPU
		{B24E6B06-7947-46B6-8C14-3684775FD487}.Release|Any CPU.ActiveCfg = Release|Any CPU
		{B24E6B06-7947-46B6-8C14-3684775FD487}.Release|Any CPU.Build.0 = Release|Any CPU
		{A1093619-064A-4E7D-98F9-929E7B1B2FDC}.Debug|Any CPU.ActiveCfg = Debug|Any CPU
		{A1093619-064A-4E7D-98F9-929E7B1B2FDC}.Debug|Any CPU.Build.0 = Debug|Any CPU
		{A1093619-064A-4E7D-98F9-929E7B1B2FDC}.Release|Any CPU.ActiveCfg = Release|Any CPU
		{A1093619-064A-4E7D-98F9-929E7B1B2FDC}.Release|Any CPU.Build.0 = Release|Any CPU
	EndGlobalSection
	GlobalSection(SolutionProperties) = preSolution
		HideSolutionNode = FALSE
	EndGlobalSection
	GlobalSection(NestedProjects) = preSolution
		{3EE6ECE1-06E8-47B9-BC84-0FDAE09561F1} = {02EA681E-C7D8-13C7-8484-4AC65E1B71E8}
		{152BEB81-3197-4041-B482-691FDB4E7FB3} = {02EA681E-C7D8-13C7-8484-4AC65E1B71E8}
		{B24E6B06-7947-46B6-8C14-3684775FD487} = {310BC561-17B7-46D4-A2A6-0B9356CC6860}
		{A1093619-064A-4E7D-98F9-929E7B1B2FDC} = {7463C2D4-3ECB-49D5-907A-4D0B711D90E2}
	EndGlobalSection
	GlobalSection(ExtensibilityGlobals) = postSolution
		SolutionGuid = {30B09F65-96E3-48F6-B50E-F4B7CB69E583}
	EndGlobalSection
EndGlobal
